
Microsoft Visual Studio Solution File, Format Version 12.00
# Visual Studio Version 16
VisualStudioVersion = 16.0.29806.167
MinimumVisualStudioVersion = 10.0.40219.1
Project("{9A19103F-16F7-4668-BE54-9A1E7A4F7556}") = "StratenImport", "StratenImport\StratenImport.csproj", "{ABBEBAD6-EABC-42D7-9AA0-1191864DCD47}"
EndProject
Project("{FAE04EC0-301F-11D3-BF4B-00C04F79EFBC}") = "Straten.Contracts", "Straten.Contracts\Straten.Contracts.csproj", "{90F661D1-4776-4053-8AA3-EC5ED591F868}"
EndProject
Project("{FAE04EC0-301F-11D3-BF4B-00C04F79EFBC}") = "StratenExport", "StratenExport\StratenExport.csproj", "{43035190-EE30-47EA-A564-FA7D4C6519F4}"
EndProject
Global
	GlobalSection(SolutionConfigurationPlatforms) = preSolution
		Debug|Any CPU = Debug|Any CPU
		Release|Any CPU = Release|Any CPU
	EndGlobalSection
	GlobalSection(ProjectConfigurationPlatforms) = postSolution
		{ABBEBAD6-EABC-42D7-9AA0-1191864DCD47}.Debug|Any CPU.ActiveCfg = Debug|Any CPU
		{ABBEBAD6-EABC-42D7-9AA0-1191864DCD47}.Debug|Any CPU.Build.0 = Debug|Any CPU
		{ABBEBAD6-EABC-42D7-9AA0-1191864DCD47}.Release|Any CPU.ActiveCfg = Release|Any CPU
		{ABBEBAD6-EABC-42D7-9AA0-1191864DCD47}.Release|Any CPU.Build.0 = Release|Any CPU
		{90F661D1-4776-4053-8AA3-EC5ED591F868}.Debug|Any CPU.ActiveCfg = Debug|Any CPU
		{90F661D1-4776-4053-8AA3-EC5ED591F868}.Debug|Any CPU.Build.0 = Debug|Any CPU
		{90F661D1-4776-4053-8AA3-EC5ED591F868}.Release|Any CPU.ActiveCfg = Release|Any CPU
		{90F661D1-4776-4053-8AA3-EC5ED591F868}.Release|Any CPU.Build.0 = Release|Any CPU
		{43035190-EE30-47EA-A564-FA7D4C6519F4}.Debug|Any CPU.ActiveCfg = Debug|Any CPU
		{43035190-EE30-47EA-A564-FA7D4C6519F4}.Debug|Any CPU.Build.0 = Debug|Any CPU
		{43035190-EE30-47EA-A564-FA7D4C6519F4}.Release|Any CPU.ActiveCfg = Release|Any CPU
		{43035190-EE30-47EA-A564-FA7D4C6519F4}.Release|Any CPU.Build.0 = Release|Any CPU
	EndGlobalSection
	GlobalSection(SolutionProperties) = preSolution
		HideSolutionNode = FALSE
	EndGlobalSection
	GlobalSection(ExtensibilityGlobals) = postSolution
		SolutionGuid = {BE8A3EC4-4CA9-4959-953F-FF4EF89F4382}
	EndGlobalSection
EndGlobal
